dependencies:
- name: postgresql
  repository: https://charts.bitnami.com/bitnami
  version: 8.6.2
- name: rabbitmq
  repository: https://charts.bitnami.com/bitnami
  version: 8.15.2
digest: sha256:3a64741cb83cea9ad91aa33322a062635890ab61ea584a43117e0f1a2260a942
generated: "2021-06-11T14:10:20.8429513+02:00"
