dependencies:
- name: postgresql
  repository: https://charts.bitnami.com/bitnami
  version: 14.0.2
- name: rabbitmq
  repository: https://charts.bitnami.com/bitnami
  version: 12.10.0
digest: sha256:725ce6168cb6f3cbe9bbec5e231a816ad648b19e53cb2ab9cb92742763b27298
generated: "2024-02-08T14:26:44.528867536+01:00"
